
Microsoft Visual Studio Solution File, Format Version 12.00
# Visual Studio Version 17
VisualStudioVersion = 17.2.32516.85
MinimumVisualStudioVersion = 10.0.40219.1
Project("{FAE04EC0-301F-11D3-BF4B-00C04F79EFBC}") = "COMP2084-BugTracker", "COMP2084-BugTracker\COMP2084-BugTracker.csproj", "{4ACF0339-9F4C-4815-8394-85E9A0A74579}"
EndProject
Global
	GlobalSection(SolutionConfigurationPlatforms) = preSolution
		Debug|Any CPU = Debug|Any CPU
		Release|Any CPU = Release|Any CPU
	EndGlobalSection
	GlobalSection(ProjectConfigurationPlatforms) = postSolution
		{4ACF0339-9F4C-4815-8394-85E9A0A74579}.Debug|Any CPU.ActiveCfg = Debug|Any CPU
		{4ACF0339-9F4C-4815-8394-85E9A0A74579}.Debug|Any CPU.Build.0 = Debug|Any CPU
		{4ACF0339-9F4C-4815-8394-85E9A0A74579}.Release|Any CPU.ActiveCfg = Release|Any CPU
		{4ACF0339-9F4C-4815-8394-85E9A0A74579}.Release|Any CPU.Build.0 = Release|Any CPU
	EndGlobalSection
	GlobalSection(SolutionProperties) = preSolution
		HideSolutionNode = FALSE
	EndGlobalSection
	GlobalSection(ExtensibilityGlobals) = postSolution
		SolutionGuid = {6F2EB253-ECAC-4E2C-85A1-260B57C7B4DC}
	EndGlobalSection
EndGlobal
